apiVersion: v1
kind: ApprovedImageLock
metadata:
  schema_version: '1.0'
  description: 'Digest-pinned lock file for images successfully promoted to GHCR.
    Populated by the A3 promotion pipeline; validated by downstream consumers (homelab-infra
    B1/B2 workflows) to verify image provenance.

    '
  maintainer: ByronWilliamsCPA/container-images
  last_updated: '2026-07-01T03:25:00Z'
promoted:
- id: distroless-static
  ghcr_ref: ghcr.io/byronwilliamscpa/distroless-static:latest
  source_digest: sha256:7d14daf425206f9e79b463e57226c1d6500a6b42f4923d5f0a9a413657f5774f
  target_digest: sha256:4d52ef30b64eb8400ade379926ac15249f7441554e5a6889b6cc5f710b6a9f56
  promoted_at: '2026-07-01T03:25:00Z'
  promoted_by: https://github.com/ByronWilliamsCPA/container-images/actions/runs/28491241399
